// !$*UTF8*$!
{
	archiveVersion = 1;
	classes = {
	};
	objectVersion = 48;
	objects = {

/* Begin PBXBuildFile section */
		3EE0B75270FC186CF34A446D /* libPods-BasicProjecFrame.a in Frameworks */ = {isa = PBXBuildFile; fileRef = 8A4A093D40DDDB6D7565A000 /* libPods-BasicProjecFrame.a */; };
		6B3B1881FE206FC6ED846D37 /* libPods-BasicProjecFrameTests.a in Frameworks */ = {isa = PBXBuildFile; fileRef = A15B47FE9FBDD9D5B0BB891C /* libPods-BasicProjecFrameTests.a */; };
		8CA138332003225D0046065D /* AppDelegate.m in Sources */ = {isa = PBXBuildFile; fileRef = 8CA138322003225D0046065D /* AppDelegate.m */; };
		8CA138392003225D0046065D /* Main.storyboard in Resources */ = {isa = PBXBuildFile; fileRef = 8CA138372003225D0046065D /* Main.storyboard */; };
		8CA1383B2003225D0046065D /* Assets.xcassets in Resources */ = {isa = PBXBuildFile; fileRef = 8CA1383A2003225D0046065D /* Assets.xcassets */; };
		8CA1383E2003225D0046065D /* LaunchScreen.storyboard in Resources */ = {isa = PBXBuildFile; fileRef = 8CA1383C2003225D0046065D /* LaunchScreen.storyboard */; };
		8CA138412003225E0046065D /* main.m in Sources */ = {isa = PBXBuildFile; fileRef = 8CA138402003225E0046065D /* main.m */; };
		8CA1384B2003225E0046065D /* BasicProjecFrameTests.m in Sources */ = {isa = PBXBuildFile; fileRef = 8CA1384A2003225E0046065D /* BasicProjecFrameTests.m */; };
		8CA138562003225E0046065D /* BasicProjecFrameUITests.m in Sources */ = {isa = PBXBuildFile; fileRef = 8CA138552003225E0046065D /* BasicProjecFrameUITests.m */; };
		8CA13880200330630046065D /* BaseTabBar.m in Sources */ = {isa = PBXBuildFile; fileRef = 8CA1387F200330630046065D /* BaseTabBar.m */; };
		8CA13883200330790046065D /* BaseViewController.m in Sources */ = {isa = PBXBuildFile; fileRef = 8CA13882200330790046065D /* BaseViewController.m */; };
		8CA13886200330A50046065D /* BaseNavigationController.m in Sources */ = {isa = PBXBuildFile; fileRef = 8CA13885200330A50046065D /* BaseNavigationController.m */; };
		8CA1388A200331CF0046065D /* BaseTabBarController.m in Sources */ = {isa = PBXBuildFile; fileRef = 8CA13889200331CF0046065D /* BaseTabBarController.m */; };
		8CA1388D2003395C0046065D /* UIBarButtonItem+Extension.m in Sources */ = {isa = PBXBuildFile; fileRef = 8CA1388C2003395C0046065D /* UIBarButtonItem+Extension.m */; };
		8CA138BD20033AEF0046065D /* UIImage+Utils.m in Sources */ = {isa = PBXBuildFile; fileRef = 8CA1389120033AED0046065D /* UIImage+Utils.m */; };
		8CA138BE20033AEF0046065D /* NSDate+Utils.m in Sources */ = {isa = PBXBuildFile; fileRef = 8CA1389420033AED0046065D /* NSDate+Utils.m */; };
		8CA138BF20033AEF0046065D /* UIView+Utils.m in Sources */ = {isa = PBXBuildFile; fileRef = 8CA1389620033AED0046065D /* UIView+Utils.m */; };
		8CA138C020033AEF0046065D /* UIView+ParentController.m in Sources */ = {isa = PBXBuildFile; fileRef = 8CA1389820033AED0046065D /* UIView+ParentController.m */; };
		8CA138C120033AEF0046065D /* UIView+Extension.m in Sources */ = {isa = PBXBuildFile; fileRef = 8CA1389B20033AED0046065D /* UIView+Extension.m */; };
		8CA138C220033AEF0046065D /* UITableView+NoExtraLine.m in Sources */ = {isa = PBXBuildFile; fileRef = 8CA1389E20033AED0046065D /* UITableView+NoExtraLine.m */; };
		8CA138C320033AEF0046065D /* NSString+Additions.m in Sources */ = {isa = PBXBuildFile; fileRef = 8CA138A120033AED0046065D /* NSString+Additions.m */; };
		8CA138C420033AEF0046065D /* NSString+Utils.m in Sources */ = {isa = PBXBuildFile; fileRef = 8CA138A320033AED0046065D /* NSString+Utils.m */; };
		8CA138C520033AEF0046065D /* TableViewAnimationKit.m in Sources */ = {isa = PBXBuildFile; fileRef = 8CA138A520033AEE0046065D /* TableViewAnimationKit.m */; };
		8CA138C620033AEF0046065D /* UITableView+XSAnimationKit.m in Sources */ = {isa = PBXBuildFile; fileRef = 8CA138AA20033AEE0046065D /* UITableView+XSAnimationKit.m */; };
		8CA138C720033AEF0046065D /* UIButton+SSEdgeInsets.m in Sources */ = {isa = PBXBuildFile; fileRef = 8CA138AC20033AEE0046065D /* UIButton+SSEdgeInsets.m */; };
		8CA138C820033AEF0046065D /* UIColor+Utils.m in Sources */ = {isa = PBXBuildFile; fileRef = 8CA138AF20033AEE0046065D /* UIColor+Utils.m */; };
		8CA138C920033AEF0046065D /* UIScreen+Additions.m in Sources */ = {isa = PBXBuildFile; fileRef = 8CA138B320033AEE0046065D /* UIScreen+Additions.m */; };
		8CA138CA20033AEF0046065D /* UIControl+Add.m in Sources */ = {isa = PBXBuildFile; fileRef = 8CA138B520033AEE0046065D /* UIControl+Add.m */; };
		8CA138CB20033AEF0046065D /* UIImageView+Additions.m in Sources */ = {isa = PBXBuildFile; fileRef = 8CA138B820033AEE0046065D /* UIImageView+Additions.m */; };
		8CA138CC20033AEF0046065D /* UILabel+Utils.m in Sources */ = {isa = PBXBuildFile; fileRef = 8CA138BB20033AEF0046065D /* UILabel+Utils.m */; };
		8CA8F25C21B2563000EAD007 /* SOAComponentAppDelegate.m in Sources */ = {isa = PBXBuildFile; fileRef = 8CA8F25B21B2563000EAD007 /* SOAComponentAppDelegate.m */; };
		8CA8F25F21B257A400EAD007 /* MakeKeyWindowService.m in Sources */ = {isa = PBXBuildFile; fileRef = 8CA8F25E21B257A400EAD007 /* MakeKeyWindowService.m */; };
		A7E7ED8A4393D63E3FED2C92 /* libPods-BasicProjecFrameUITests.a in Frameworks */ = {isa = PBXBuildFile; fileRef = 0C94E8ACC10A6197E6764F54 /* libPods-BasicProjecFrameUITests.a */; };
/* End PBXBuildFile section */

/* Begin PBXContainerItemProxy section */
		8CA138472003225E0046065D /* PBXContainerItemProxy */ = {
			isa = PBXContainerItemProxy;
			containerPortal = 8CA138262003225D0046065D /* Project object */;
			proxyType = 1;
			remoteGlobalIDString = 8CA1382D2003225D0046065D;
			remoteInfo = BasicProjecFrame;
		};
		8CA138522003225E0046065D /* PBXContainerItemProxy */ = {
			isa = PBXContainerItemProxy;
			containerPortal = 8CA138262003225D0046065D /* Project object */;
			proxyType = 1;
			remoteGlobalIDString = 8CA1382D2003225D0046065D;
			remoteInfo = BasicProjecFrame;
		};
/* End PBXContainerItemProxy section */

/* Begin PBXFileReference section */
		056F527C3A84C0C710B1023D /* Pods-BasicProjecFrameUITests.debug.xcconfig */ = {isa = PBXFileReference; includeInIndex = 1; lastKnownFileType = text.xcconfig; name = "Pods-BasicProjecFrameUITests.debug.xcconfig"; path = "Pods/Target Support Files/Pods-BasicProjecFrameUITests/Pods-BasicProjecFrameUITests.debug.xcconfig"; sourceTree = "<group>"; };
		06CB6E023EFA37242F8757DD /* Pods-BasicProjecFrameUITests.release.xcconfig */ = {isa = PBXFileReference; includeInIndex = 1; lastKnownFileType = text.xcconfig; name = "Pods-BasicProjecFrameUITests.release.xcconfig"; path = "Pods/Target Support Files/Pods-BasicProjecFrameUITests/Pods-BasicProjecFrameUITests.release.xcconfig"; sourceTree = "<group>"; };
		0C94E8ACC10A6197E6764F54 /* libPods-BasicProjecFrameUITests.a */ = {isa = PBXFileReference; explicitFileType = archive.ar; includeInIndex = 0; path = "libPods-BasicProjecFrameUITests.a"; sourceTree = BUILT_PRODUCTS_DIR; };
		491CFB5289E9ADBBCD1EBBFF /* Pods-BasicProjecFrame.debug.xcconfig */ = {isa = PBXFileReference; includeInIndex = 1; lastKnownFileType = text.xcconfig; name = "Pods-BasicProjecFrame.debug.xcconfig"; path = "Pods/Target Support Files/Pods-BasicProjecFrame/Pods-BasicProjecFrame.debug.xcconfig"; sourceTree = "<group>"; };
		881B45B94409B60C12D09583 /* Pods-BasicProjecFrame.release.xcconfig */ = {isa = PBXFileReference; includeInIndex = 1; lastKnownFileType = text.xcconfig; name = "Pods-BasicProjecFrame.release.xcconfig"; path = "Pods/Target Support Files/Pods-BasicProjecFrame/Pods-BasicProjecFrame.release.xcconfig"; sourceTree = "<group>"; };
		8A4A093D40DDDB6D7565A000 /* libPods-BasicProjecFrame.a */ = {isa = PBXFileReference; explicitFileType = archive.ar; includeInIndex = 0; path = "libPods-BasicProjecFrame.a"; sourceTree = BUILT_PRODUCTS_DIR; };
		8CA1382E2003225D0046065D /* BasicProjecFrame.app */ = {isa = PBXFileReference; explicitFileType = wrapper.application; includeInIndex = 0; path = BasicProjecFrame.app; sourceTree = BUILT_PRODUCTS_DIR; };
		8CA138312003225D0046065D /* AppDelegate.h */ = {isa = PBXFileReference; lastKnownFileType = sourcecode.c.h; path = AppDelegate.h; sourceTree = "<group>"; };
		8CA138322003225D0046065D /* AppDelegate.m */ = {isa = PBXFileReference; lastKnownFileType = sourcecode.c.objc; path = AppDelegate.m; sourceTree = "<group>"; };
		8CA138382003225D0046065D /* Base */ = {isa = PBXFileReference; lastKnownFileType = file.storyboard; name = Base; path = Base.lproj/Main.storyboard; sourceTree = "<group>"; };
		8CA1383A2003225D0046065D /* Assets.xcassets */ = {isa = PBXFileReference; lastKnownFileType = folder.assetcatalog; path = Assets.xcassets; sourceTree = "<group>"; };
		8CA1383D2003225D0046065D /* Base */ = {isa = PBXFileReference; lastKnownFileType = file.storyboard; name = Base; path = Base.lproj/LaunchScreen.storyboard; sourceTree = "<group>"; };
		8CA1383F2003225E0046065D /* Info.plist */ = {isa = PBXFileReference; lastKnownFileType = text.plist.xml; path = Info.plist; sourceTree = "<group>"; };
		8CA138402003225E0046065D /* main.m */ = {isa = PBXFileReference; lastKnownFileType = sourcecode.c.objc; path = main.m; sourceTree = "<group>"; };
		8CA138462003225E0046065D /* BasicProjecFrameTests.xctest */ = {isa = PBXFileReference; explicitFileType = wrapper.cfbundle; includeInIndex = 0; path = BasicProjecFrameTests.xctest; sourceTree = BUILT_PRODUCTS_DIR; };
		8CA1384A2003225E0046065D /* BasicProjecFrameTests.m */ = {isa = PBXFileReference; lastKnownFileType = sourcecode.c.objc; path = BasicProjecFrameTests.m; sourceTree = "<group>"; };
		8CA1384C2003225E0046065D /* Info.plist */ = {isa = PBXFileReference; lastKnownFileType = text.plist.xml; path = Info.plist; sourceTree = "<group>"; };
		8CA138512003225E0046065D /* BasicProjecFrameUITests.xctest */ = {isa = PBXFileReference; explicitFileType = wrapper.cfbundle; includeInIndex = 0; path = BasicProjecFrameUITests.xctest; sourceTree = BUILT_PRODUCTS_DIR; };
		8CA138552003225E0046065D /* BasicProjecFrameUITests.m */ = {isa = PBXFileReference; lastKnownFileType = sourcecode.c.objc; path = BasicProjecFrameUITests.m; sourceTree = "<group>"; };
		8CA138572003225E0046065D /* Info.plist */ = {isa = PBXFileReference; lastKnownFileType = text.plist.xml; path = Info.plist; sourceTree = "<group>"; };
		8CA1387E200330630046065D /* BaseTabBar.h */ = {isa = PBXFileReference; lastKnownFileType = sourcecode.c.h; path = BaseTabBar.h; sourceTree = "<group>"; };
		8CA1387F200330630046065D /* BaseTabBar.m */ = {isa = PBXFileReference; lastKnownFileType = sourcecode.c.objc; path = BaseTabBar.m; sourceTree = "<group>"; };
		8CA13881200330790046065D /* BaseViewController.h */ = {isa = PBXFileReference; lastKnownFileType = sourcecode.c.h; path = BaseViewController.h; sourceTree = "<group>"; };
		8CA13882200330790046065D /* BaseViewController.m */ = {isa = PBXFileReference; lastKnownFileType = sourcecode.c.objc; path = BaseViewController.m; sourceTree = "<group>"; };
		8CA13884200330A50046065D /* BaseNavigationController.h */ = {isa = PBXFileReference; lastKnownFileType = sourcecode.c.h; path = BaseNavigationController.h; sourceTree = "<group>"; };
		8CA13885200330A50046065D /* BaseNavigationController.m */ = {isa = PBXFileReference; lastKnownFileType = sourcecode.c.objc; path = BaseNavigationController.m; sourceTree = "<group>"; };
		8CA13888200331CF0046065D /* BaseTabBarController.h */ = {isa = PBXFileReference; lastKnownFileType = sourcecode.c.h; path = BaseTabBarController.h; sourceTree = "<group>"; };
		8CA13889200331CF0046065D /* BaseTabBarController.m */ = {isa = PBXFileReference; lastKnownFileType = sourcecode.c.objc; path = BaseTabBarController.m; sourceTree = "<group>"; };
		8CA1388B2003395C0046065D /* UIBarButtonItem+Extension.h */ = {isa = PBXFileReference; lastKnownFileType = sourcecode.c.h; path = "UIBarButtonItem+Extension.h"; sourceTree = "<group>"; };
		8CA1388C2003395C0046065D /* UIBarButtonItem+Extension.m */ = {isa = PBXFileReference; lastKnownFileType = sourcecode.c.objc; path = "UIBarButtonItem+Extension.m"; sourceTree = "<group>"; };
		8CA1388E2003398E0046065D /* Expand.h */ = {isa = PBXFileReference; lastKnownFileType = sourcecode.c.h; path = Expand.h; sourceTree = "<group>"; };
		8CA1389020033AED0046065D /* UIImage+Utils.h */ = {isa = PBXFileReference; fileEncoding = 4; lastKnownFileType = sourcecode.c.h; path = "UIImage+Utils.h"; sourceTree = "<group>"; };
		8CA1389120033AED0046065D /* UIImage+Utils.m */ = {isa = PBXFileReference; fileEncoding = 4; lastKnownFileType = sourcecode.c.objc; path = "UIImage+Utils.m"; sourceTree = "<group>"; };
		8CA1389320033AED0046065D /* NSDate+Utils.h */ = {isa = PBXFileReference; fileEncoding = 4; lastKnownFileType = sourcecode.c.h; path = "NSDate+Utils.h"; sourceTree = "<group>"; };
		8CA1389420033AED0046065D /* NSDate+Utils.m */ = {isa = PBXFileReference; fileEncoding = 4; lastKnownFileType = sourcecode.c.objc; path = "NSDate+Utils.m"; sourceTree = "<group>"; };
		8CA1389620033AED0046065D /* UIView+Utils.m */ = {isa = PBXFileReference; fileEncoding = 4; lastKnownFileType = sourcecode.c.objc; path = "UIView+Utils.m"; sourceTree = "<group>"; };
		8CA1389720033AED0046065D /* UIView+Extension.h */ = {isa = PBXFileReference; fileEncoding = 4; lastKnownFileType = sourcecode.c.h; path = "UIView+Extension.h"; sourceTree = "<group>"; };
		8CA1389820033AED0046065D /* UIView+ParentController.m */ = {isa = PBXFileReference; fileEncoding = 4; lastKnownFileType = sourcecode.c.objc; path = "UIView+ParentController.m"; sourceTree = "<group>"; };
		8CA1389920033AED0046065D /* UIView+Utils.h */ = {isa = PBXFileReference; fileEncoding = 4; lastKnownFileType = sourcecode.c.h; path = "UIView+Utils.h"; sourceTree = "<group>"; };
		8CA1389A20033AED0046065D /* UIView+ParentController.h */ = {isa = PBXFileReference; fileEncoding = 4; lastKnownFileType = sourcecode.c.h; path = "UIView+ParentController.h"; sourceTree = "<group>"; };
		8CA1389B20033AED0046065D /* UIView+Extension.m */ = {isa = PBXFileReference; fileEncoding = 4; lastKnownFileType = sourcecode.c.objc; path = "UIView+Extension.m"; sourceTree = "<group>"; };
		8CA1389D20033AED0046065D /* UITableView+NoExtraLine.h */ = {isa = PBXFileReference; fileEncoding = 4; lastKnownFileType = sourcecode.c.h; path = "UITableView+NoExtraLine.h"; sourceTree = "<group>"; };
		8CA1389E20033AED0046065D /* UITableView+NoExtraLine.m */ = {isa = PBXFileReference; fileEncoding = 4; lastKnownFileType = sourcecode.c.objc; path = "UITableView+NoExtraLine.m"; sourceTree = "<group>"; };
		8CA138A020033AED0046065D /* NSString+Utils.h */ = {isa = PBXFileReference; fileEncoding = 4; lastKnownFileType = sourcecode.c.h; path = "NSString+Utils.h"; sourceTree = "<group>"; };
		8CA138A120033AED0046065D /* NSString+Additions.m */ = {isa = PBXFileReference; fileEncoding = 4; lastKnownFileType = sourcecode.c.objc; path = "NSString+Additions.m"; sourceTree = "<group>"; };
		8CA138A220033AED0046065D /* NSString+Additions.h */ = {isa = PBXFileReference; fileEncoding = 4; lastKnownFileType = sourcecode.c.h; path = "NSString+Additions.h"; sourceTree = "<group>"; };
		8CA138A320033AED0046065D /* NSString+Utils.m */ = {isa = PBXFileReference; fileEncoding = 4; lastKnownFileType = sourcecode.c.objc; path = "NSString+Utils.m"; sourceTree = "<group>"; };
		8CA138A520033AEE0046065D /* TableViewAnimationKit.m */ = {isa = PBXFileReference; fileEncoding = 4; lastKnownFileType = sourcecode.c.objc; path = TableViewAnimationKit.m; sourceTree = "<group>"; };
		8CA138A620033AEE0046065D /* TableViewAnimationKitHeaders.h */ = {isa = PBXFileReference; fileEncoding = 4; lastKnownFileType = sourcecode.c.h; path = TableViewAnimationKitHeaders.h; sourceTree = "<group>"; };
		8CA138A720033AEE0046065D /* UITableView+XSAnimationKit.h */ = {isa = PBXFileReference; fileEncoding = 4; lastKnownFileType = sourcecode.c.h; path = "UITableView+XSAnimationKit.h"; sourceTree = "<group>"; };
		8CA138A820033AEE0046065D /* TableViewAnimationKitConfig.h */ = {isa = PBXFileReference; fileEncoding = 4; lastKnownFileType = sourcecode.c.h; path = TableViewAnimationKitConfig.h; sourceTree = "<group>"; };
		8CA138A920033AEE0046065D /* TableViewAnimationKit.h */ = {isa = PBXFileReference; fileEncoding = 4; lastKnownFileType = sourcecode.c.h; path = TableViewAnimationKit.h; sourceTree = "<group>"; };
		8CA138AA20033AEE0046065D /* UITableView+XSAnimationKit.m */ = {isa = PBXFileReference; fileEncoding = 4; lastKnownFileType = sourcecode.c.objc; path = "UITableView+XSAnimationKit.m"; sourceTree = "<group>"; };
		8CA138AC20033AEE0046065D /* UIButton+SSEdgeInsets.m */ = {isa = PBXFileReference; fileEncoding = 4; lastKnownFileType = sourcecode.c.objc; path = "UIButton+SSEdgeInsets.m"; sourceTree = "<group>"; };
		8CA138AD20033AEE0046065D /* UIButton+SSEdgeInsets.h */ = {isa = PBXFileReference; fileEncoding = 4; lastKnownFileType = sourcecode.c.h; path = "UIButton+SSEdgeInsets.h"; sourceTree = "<group>"; };
		8CA138AF20033AEE0046065D /* UIColor+Utils.m */ = {isa = PBXFileReference; fileEncoding = 4; lastKnownFileType = sourcecode.c.objc; path = "UIColor+Utils.m"; sourceTree = "<group>"; };
		8CA138B020033AEE0046065D /* UIColor+Utils.h */ = {isa = PBXFileReference; fileEncoding = 4; lastKnownFileType = sourcecode.c.h; path = "UIColor+Utils.h"; sourceTree = "<group>"; };
		8CA138B220033AEE0046065D /* UIScreen+Additions.h */ = {isa = PBXFileReference; fileEncoding = 4; lastKnownFileType = sourcecode.c.h; path = "UIScreen+Additions.h"; sourceTree = "<group>"; };
		8CA138B320033AEE0046065D /* UIScreen+Additions.m */ = {isa = PBXFileReference; fileEncoding = 4; lastKnownFileType = sourcecode.c.objc; path = "UIScreen+Additions.m"; sourceTree = "<group>"; };
		8CA138B520033AEE0046065D /* UIControl+Add.m */ = {isa = PBXFileReference; fileEncoding = 4; lastKnownFileType = sourcecode.c.objc; path = "UIControl+Add.m"; sourceTree = "<group>"; };
		8CA138B620033AEE0046065D /* UIControl+Add.h */ = {isa = PBXFileReference; fileEncoding = 4; lastKnownFileType = sourcecode.c.h; path = "UIControl+Add.h"; sourceTree = "<group>"; };
		8CA138B820033AEE0046065D /* UIImageView+Additions.m */ = {isa = PBXFileReference; fileEncoding = 4; lastKnownFileType = sourcecode.c.objc; path = "UIImageView+Additions.m"; sourceTree = "<group>"; };
		8CA138B920033AEE0046065D /* UIImageView+Additions.h */ = {isa = PBXFileReference; fileEncoding = 4; lastKnownFileType = sourcecode.c.h; path = "UIImageView+Additions.h"; sourceTree = "<group>"; };
		8CA138BB20033AEF0046065D /* UILabel+Utils.m */ = {isa = PBXFileReference; fileEncoding = 4; lastKnownFileType = sourcecode.c.objc; path = "UILabel+Utils.m"; sourceTree = "<group>"; };
		8CA138BC20033AEF0046065D /* UILabel+Utils.h */ = {isa = PBXFileReference; fileEncoding = 4; lastKnownFileType = sourcecode.c.h; path = "UILabel+Utils.h"; sourceTree = "<group>"; };
		8CA138CE20033B950046065D /* PrefixHeader.pch */ = {isa = PBXFileReference; lastKnownFileType = sourcecode.c.h; path = PrefixHeader.pch; sourceTree = "<group>"; };
		8CA8F25A21B2563000EAD007 /* SOAComponentAppDelegate.h */ = {isa = PBXFileReference; lastKnownFileType = sourcecode.c.h; path = SOAComponentAppDelegate.h; sourceTree = "<group>"; };
		8CA8F25B21B2563000EAD007 /* SOAComponentAppDelegate.m */ = {isa = PBXFileReference; lastKnownFileType = sourcecode.c.objc; path = SOAComponentAppDelegate.m; sourceTree = "<group>"; };
		8CA8F25D21B257A400EAD007 /* MakeKeyWindowService.h */ = {isa = PBXFileReference; lastKnownFileType = sourcecode.c.h; path = MakeKeyWindowService.h; sourceTree = "<group>"; };
		8CA8F25E21B257A400EAD007 /* MakeKeyWindowService.m */ = {isa = PBXFileReference; lastKnownFileType = sourcecode.c.objc; path = MakeKeyWindowService.m; sourceTree = "<group>"; };
		A15B47FE9FBDD9D5B0BB891C /* libPods-BasicProjecFrameTests.a */ = {isa = PBXFileReference; explicitFileType = archive.ar; includeInIndex = 0; path = "libPods-BasicProjecFrameTests.a"; sourceTree = BUILT_PRODUCTS_DIR; };
		C2B6A375BB2A9273D8370616 /* Pods-BasicProjecFrameTests.debug.xcconfig */ = {isa = PBXFileReference; includeInIndex = 1; lastKnownFileType = text.xcconfig; name = "Pods-BasicProjecFrameTests.debug.xcconfig"; path = "Pods/Target Support Files/Pods-BasicProjecFrameTests/Pods-BasicProjecFrameTests.debug.xcconfig"; sourceTree = "<group>"; };
		DEF85DA3A655DEAF51BCF9BF /* Pods-BasicProjecFrameTests.release.xcconfig */ = {isa = PBXFileReference; includeInIndex = 1; lastKnownFileType = text.xcconfig; name = "Pods-BasicProjecFrameTests.release.xcconfig"; path = "Pods/Target Support Files/Pods-BasicProjecFrameTests/Pods-BasicProjecFrameTests.release.xcconfig"; sourceTree = "<group>"; };
/* End PBXFileReference section */

/* Begin PBXFrameworksBuildPhase section */
		8CA1382B2003225D0046065D /* Frameworks */ = {
			isa = PBXFrameworksBuildPhase;
			buildActionMask = 2147483647;
			files = (
				3EE0B75270FC186CF34A446D /* libPods-BasicProjecFrame.a in Frameworks */,
			);
			runOnlyForDeploymentPostprocessing = 0;
		};
		8CA138432003225E0046065D /* Frameworks */ = {
			isa = PBXFrameworksBuildPhase;
			buildActionMask = 2147483647;
			files = (
				6B3B1881FE206FC6ED846D37 /* libPods-BasicProjecFrameTests.a in Frameworks */,
			);
			runOnlyForDeploymentPostprocessing = 0;
		};
		8CA1384E2003225E0046065D /* Frameworks */ = {
			isa = PBXFrameworksBuildPhase;
			buildActionMask = 2147483647;
			files = (
				A7E7ED8A4393D63E3FED2C92 /* libPods-BasicProjecFrameUITests.a in Frameworks */,
			);
			runOnlyForDeploymentPostprocessing = 0;
		};
/* End PBXFrameworksBuildPhase section */

/* Begin PBXGroup section */
		34297368BD8B8CE290333DF5 /* Frameworks */ = {
			isa = PBXGroup;
			children = (
				8A4A093D40DDDB6D7565A000 /* libPods-BasicProjecFrame.a */,
				A15B47FE9FBDD9D5B0BB891C /* libPods-BasicProjecFrameTests.a */,
				0C94E8ACC10A6197E6764F54 /* libPods-BasicProjecFrameUITests.a */,
			);
			name = Frameworks;
			sourceTree = "<group>";
		};
		6DA9D84B8643BDCCED87204B /* Pods */ = {
			isa = PBXGroup;
			children = (
				491CFB5289E9ADBBCD1EBBFF /* Pods-BasicProjecFrame.debug.xcconfig */,
				881B45B94409B60C12D09583 /* Pods-BasicProjecFrame.release.xcconfig */,
				C2B6A375BB2A9273D8370616 /* Pods-BasicProjecFrameTests.debug.xcconfig */,
				DEF85DA3A655DEAF51BCF9BF /* Pods-BasicProjecFrameTests.release.xcconfig */,
				056F527C3A84C0C710B1023D /* Pods-BasicProjecFrameUITests.debug.xcconfig */,
				06CB6E023EFA37242F8757DD /* Pods-BasicProjecFrameUITests.release.xcconfig */,
			);
			name = Pods;
			sourceTree = "<group>";
		};
		8CA138252003225D0046065D = {
			isa = PBXGroup;
			children = (
				8CA138302003225D0046065D /* BasicProjecFrame */,
				8CA138CD20033B620046065D /* SupportFile */,
				8CA138492003225E0046065D /* BasicProjecFrameTests */,
				8CA138542003225E0046065D /* BasicProjecFrameUITests */,
				8CA1382F2003225D0046065D /* Products */,
				6DA9D84B8643BDCCED87204B /* Pods */,
				34297368BD8B8CE290333DF5 /* Frameworks */,
			);
			sourceTree = "<group>";
		};
		8CA1382F2003225D0046065D /* Products */ = {
			isa = PBXGroup;
			children = (
				8CA1382E2003225D0046065D /* BasicProjecFrame.app */,
				8CA138462003225E0046065D /* BasicProjecFrameTests.xctest */,
				8CA138512003225E0046065D /* BasicProjecFrameUITests.xctest */,
			);
			name = Products;
			sourceTree = "<group>";
		};
		8CA138302003225D0046065D /* BasicProjecFrame */ = {
			isa = PBXGroup;
			children = (
				8CA8F26021B257AD00EAD007 /* AppDelegate */,
				8CA1387920032E0F0046065D /* Class */,
				8CA1387420032D920046065D /* Other */,
				8CA1387D20032E0F0046065D /* Vender */,
				8CA1386E20032D920046065D /* Expand */,
				8CA1386C20032D910046065D /* Resource */,
				8CA138372003225D0046065D /* Main.storyboard */,
				8CA1383C2003225D0046065D /* LaunchScreen.storyboard */,
				8CA1383F2003225E0046065D /* Info.plist */,
				8CA138402003225E0046065D /* main.m */,
			);
			path = BasicProjecFrame;
			sourceTree = "<group>";
		};
		8CA138492003225E0046065D /* BasicProjecFrameTests */ = {
			isa = PBXGroup;
			children = (
				8CA1384A2003225E0046065D /* BasicProjecFrameTests.m */,
				8CA1384C2003225E0046065D /* Info.plist */,
			);
			path = BasicProjecFrameTests;
			sourceTree = "<group>";
		};
		8CA138542003225E0046065D /* BasicProjecFrameUITests */ = {
			isa = PBXGroup;
			children = (
				8CA138552003225E0046065D /* BasicProjecFrameUITests.m */,
				8CA138572003225E0046065D /* Info.plist */,
			);
			path = BasicProjecFrameUITests;
			sourceTree = "<group>";
		};
		8CA1386C20032D910046065D /* Resource */ = {
			isa = PBXGroup;
			children = (
				8CA1386D20032D910046065D /* Plist */,
			);
			path = Resource;
			sourceTree = "<group>";
		};
		8CA1386D20032D910046065D /* Plist */ = {
			isa = PBXGroup;
			children = (
			);
			path = Plist;
			sourceTree = "<group>";
		};
		8CA1386E20032D920046065D /* Expand */ = {
			isa = PBXGroup;
			children = (
				8CA1388E2003398E0046065D /* Expand.h */,
				8CA1386F20032D920046065D /* Category */,
				8CA1387020032D920046065D /* Network */,
				8CA1387120032D920046065D /* Const */,
				8CA1387220032D920046065D /* Macros */,
				8CA1387320032D920046065D /* Tool */,
			);
			path = Expand;
			sourceTree = "<group>";
		};
		8CA1386F20032D920046065D /* Category */ = {
			isa = PBXGroup;
			children = (
				8CA1389220033AED0046065D /* NSDate */,
				8CA1389F20033AED0046065D /* NSString */,
				8CA138A420033AEE0046065D /* TableViewAnimationKit */,
				8CA138AB20033AEE0046065D /* UIButton */,
				8CA138AE20033AEE0046065D /* UIColor */,
				8CA138B420033AEE0046065D /* UIControl */,
				8CA1388F20033AED0046065D /* UIImage */,
				8CA138B720033AEE0046065D /* UIImageView */,
				8CA138BA20033AEF0046065D /* UILabel */,
				8CA138B120033AEE0046065D /* UIScreen */,
				8CA1389C20033AED0046065D /* UITableView */,
				8CA1389520033AED0046065D /* UIView */,
				8CA1388B2003395C0046065D /* UIBarButtonItem+Extension.h */,
				8CA1388C2003395C0046065D /* UIBarButtonItem+Extension.m */,
			);
			path = Category;
			sourceTree = "<group>";
		};
		8CA1387020032D920046065D /* Network */ = {
			isa = PBXGroup;
			children = (
			);
			path = Network;
			sourceTree = "<group>";
		};
		8CA1387120032D920046065D /* Const */ = {
			isa = PBXGroup;
			children = (
			);
			path = Const;
			sourceTree = "<group>";
		};
		8CA1387220032D920046065D /* Macros */ = {
			isa = PBXGroup;
			children = (
			);
			path = Macros;
			sourceTree = "<group>";
		};
		8CA1387320032D920046065D /* Tool */ = {
			isa = PBXGroup;
			children = (
			);
			path = Tool;
			sourceTree = "<group>";
		};
		8CA1387420032D920046065D /* Other */ = {
			isa = PBXGroup;
			children = (
				8CA1387520032D920046065D /* BaseClass */,
			);
			path = Other;
			sourceTree = "<group>";
		};
		8CA1387520032D920046065D /* BaseClass */ = {
			isa = PBXGroup;
			children = (
				8CA13887200331200046065D /* TabBarController */,
				8CA1387620032D920046065D /* BaseVC */,
				8CA1387720032D920046065D /* Navigation */,
				8CA1387820032D920046065D /* TabBar */,
			);
			path = BaseClass;
			sourceTree = "<group>";
		};
		8CA1387620032D920046065D /* BaseVC */ = {
			isa = PBXGroup;
			children = (
				8CA13881200330790046065D /* BaseViewController.h */,
				8CA13882200330790046065D /* BaseViewController.m */,
			);
			path = BaseVC;
			sourceTree = "<group>";
		};
		8CA1387720032D920046065D /* Navigation */ = {
			isa = PBXGroup;
			children = (
				8CA13884200330A50046065D /* BaseNavigationController.h */,
				8CA13885200330A50046065D /* BaseNavigationController.m */,
			);
			path = Navigation;
			sourceTree = "<group>";
		};
		8CA1387820032D920046065D /* TabBar */ = {
			isa = PBXGroup;
			children = (
				8CA1387E200330630046065D /* BaseTabBar.h */,
				8CA1387F200330630046065D /* BaseTabBar.m */,
			);
			path = TabBar;
			sourceTree = "<group>";
		};
		8CA1387920032E0F0046065D /* Class */ = {
			isa = PBXGroup;
			children = (
				8CA1387A20032E0F0046065D /* Model */,
				8CA1387B20032E0F0046065D /* View */,
				8CA1387C20032E0F0046065D /* ViewController */,
			);
			path = Class;
			sourceTree = "<group>";
		};
		8CA1387A20032E0F0046065D /* Model */ = {
			isa = PBXGroup;
			children = (
			);
			path = Model;
			sourceTree = "<group>";
		};
		8CA1387B20032E0F0046065D /* View */ = {
			isa = PBXGroup;
			children = (
			);
			path = View;
			sourceTree = "<group>";
		};
		8CA1387C20032E0F0046065D /* ViewController */ = {
			isa = PBXGroup;
			children = (
			);
			path = ViewController;
			sourceTree = "<group>";
		};
		8CA1387D20032E0F0046065D /* Vender */ = {
			isa = PBXGroup;
			children = (
			);
			path = Vender;
			sourceTree = "<group>";
		};
		8CA13887200331200046065D /* TabBarController */ = {
			isa = PBXGroup;
			children = (
				8CA13888200331CF0046065D /* BaseTabBarController.h */,
				8CA13889200331CF0046065D /* BaseTabBarController.m */,
			);
			path = TabBarController;
			sourceTree = "<group>";
		};
		8CA1388F20033AED0046065D /* UIImage */ = {
			isa = PBXGroup;
			children = (
				8CA1389020033AED0046065D /* UIImage+Utils.h */,
				8CA1389120033AED0046065D /* UIImage+Utils.m */,
			);
			path = UIImage;
			sourceTree = "<group>";
		};
		8CA1389220033AED0046065D /* NSDate */ = {
			isa = PBXGroup;
			children = (
				8CA1389320033AED0046065D /* NSDate+Utils.h */,
				8CA1389420033AED0046065D /* NSDate+Utils.m */,
			);
			path = NSDate;
			sourceTree = "<group>";
		};
		8CA1389520033AED0046065D /* UIView */ = {
			isa = PBXGroup;
			children = (
				8CA1389620033AED0046065D /* UIView+Utils.m */,
				8CA1389720033AED0046065D /* UIView+Extension.h */,
				8CA1389820033AED0046065D /* UIView+ParentController.m */,
				8CA1389920033AED0046065D /* UIView+Utils.h */,
				8CA1389A20033AED0046065D /* UIView+ParentController.h */,
				8CA1389B20033AED0046065D /* UIView+Extension.m */,
			);
			path = UIView;
			sourceTree = "<group>";
		};
		8CA1389C20033AED0046065D /* UITableView */ = {
			isa = PBXGroup;
			children = (
				8CA1389D20033AED0046065D /* UITableView+NoExtraLine.h */,
				8CA1389E20033AED0046065D /* UITableView+NoExtraLine.m */,
			);
			path = UITableView;
			sourceTree = "<group>";
		};
		8CA1389F20033AED0046065D /* NSString */ = {
			isa = PBXGroup;
			children = (
				8CA138A020033AED0046065D /* NSString+Utils.h */,
				8CA138A320033AED0046065D /* NSString+Utils.m */,
				8CA138A220033AED0046065D /* NSString+Additions.h */,
				8CA138A120033AED0046065D /* NSString+Additions.m */,
			);
			path = NSString;
			sourceTree = "<group>";
		};
		8CA138A420033AEE0046065D /* TableViewAnimationKit */ = {
			isa = PBXGroup;
			children = (
				8CA138A520033AEE0046065D /* TableViewAnimationKit.m */,
				8CA138A620033AEE0046065D /* TableViewAnimationKitHeaders.h */,
				8CA138A720033AEE0046065D /* UITableView+XSAnimationKit.h */,
				8CA138A820033AEE0046065D /* TableViewAnimationKitConfig.h */,
				8CA138A920033AEE0046065D /* TableViewAnimationKit.h */,
				8CA138AA20033AEE0046065D /* UITableView+XSAnimationKit.m */,
			);
			path = TableViewAnimationKit;
			sourceTree = "<group>";
		};
		8CA138AB20033AEE0046065D /* UIButton */ = {
			isa = PBXGroup;
			children = (
				8CA138AC20033AEE0046065D /* UIButton+SSEdgeInsets.m */,
				8CA138AD20033AEE0046065D /* UIButton+SSEdgeInsets.h */,
			);
			path = UIButton;
			sourceTree = "<group>";
		};
		8CA138AE20033AEE0046065D /* UIColor */ = {
			isa = PBXGroup;
			children = (
				8CA138AF20033AEE0046065D /* UIColor+Utils.m */,
				8CA138B020033AEE0046065D /* UIColor+Utils.h */,
			);
			path = UIColor;
			sourceTree = "<group>";
		};
		8CA138B120033AEE0046065D /* UIScreen */ = {
			isa = PBXGroup;
			children = (
				8CA138B220033AEE0046065D /* UIScreen+Additions.h */,
				8CA138B320033AEE0046065D /* UIScreen+Additions.m */,
			);
			path = UIScreen;
			sourceTree = "<group>";
		};
		8CA138B420033AEE0046065D /* UIControl */ = {
			isa = PBXGroup;
			children = (
				8CA138B520033AEE0046065D /* UIControl+Add.m */,
				8CA138B620033AEE0046065D /* UIControl+Add.h */,
			);
			path = UIControl;
			sourceTree = "<group>";
		};
		8CA138B720033AEE0046065D /* UIImageView */ = {
			isa = PBXGroup;
			children = (
				8CA138B820033AEE0046065D /* UIImageView+Additions.m */,
				8CA138B920033AEE0046065D /* UIImageView+Additions.h */,
			);
			path = UIImageView;
			sourceTree = "<group>";
		};
		8CA138BA20033AEF0046065D /* UILabel */ = {
			isa = PBXGroup;
			children = (
				8CA138BB20033AEF0046065D /* UILabel+Utils.m */,
				8CA138BC20033AEF0046065D /* UILabel+Utils.h */,
			);
			path = UILabel;
			sourceTree = "<group>";
		};
		8CA138CD20033B620046065D /* SupportFile */ = {
			isa = PBXGroup;
			children = (
				8CA1383A2003225D0046065D /* Assets.xcassets */,
				8CA138CE20033B950046065D /* PrefixHeader.pch */,
			);
			name = SupportFile;
			path = BasicProjecFrame/SupportFile;
			sourceTree = "<group>";
		};
		8CA8F26021B257AD00EAD007 /* AppDelegate */ = {
			isa = PBXGroup;
			children = (
				8CA8F25A21B2563000EAD007 /* SOAComponentAppDelegate.h */,
				8CA8F25B21B2563000EAD007 /* SOAComponentAppDelegate.m */,
				8CA8F25D21B257A400EAD007 /* MakeKeyWindowService.h */,
				8CA8F25E21B257A400EAD007 /* MakeKeyWindowService.m */,
				8CA138312003225D0046065D /* AppDelegate.h */,
				8CA138322003225D0046065D /* AppDelegate.m */,
			);
			path = AppDelegate;
			sourceTree = "<group>";
		};
/* End PBXGroup section */

/* Begin PBXNativeTarget section */
		8CA1382D2003225D0046065D /* BasicProjecFrame */ = {
			isa = PBXNativeTarget;
			buildConfigurationList = 8CA1385A2003225E0046065D /* Build configuration list for PBXNativeTarget "BasicProjecFrame" */;
			buildPhases = (
				F9C94FC43D00B0D70A943B51 /* [CP] Check Pods Manifest.lock */,
				8CA1382A2003225D0046065D /* Sources */,
				8CA1382B2003225D0046065D /* Frameworks */,
				8CA1382C2003225D0046065D /* Resources */,
				22EEDA338C9D66B15F0F84AB /* [CP] Embed Pods Frameworks */,
				7A95DBFFC18DE51AC2B89E70 /* [CP] Copy Pods Resources */,
			);
			buildRules = (
			);
			dependencies = (
			);
			name = BasicProjecFrame;
			productName = BasicProjecFrame;
			productReference = 8CA1382E2003225D0046065D /* BasicProjecFrame.app */;
			productType = "com.apple.product-type.application";
		};
		8CA138452003225E0046065D /* BasicProjecFrameTests */ = {
			isa = PBXNativeTarget;
			buildConfigurationList = 8CA1385D2003225E0046065D /* Build configuration list for PBXNativeTarget "BasicProjecFrameTests" */;
			buildPhases = (
				604681B0EE92E2518EFD78E7 /* [CP] Check Pods Manifest.lock */,
				8CA138422003225E0046065D /* Sources */,
				8CA138432003225E0046065D /* Frameworks */,
				8CA138442003225E0046065D /* Resources */,
				E3C29F29313AA7509262D7C0 /* [CP] Embed Pods Frameworks */,
				768764536AFCB72813B360BF /* [CP] Copy Pods Resources */,
			);
			buildRules = (
			);
			dependencies = (
				8CA138482003225E0046065D /* PBXTargetDependency */,
			);
			name = BasicProjecFrameTests;
			productName = BasicProjecFrameTests;
			productReference = 8CA138462003225E0046065D /* BasicProjecFrameTests.xctest */;
			productType = "com.apple.product-type.bundle.unit-test";
		};
		8CA138502003225E0046065D /* BasicProjecFrameUITests */ = {
			isa = PBXNativeTarget;
			buildConfigurationList = 8CA138602003225E0046065D /* Build configuration list for PBXNativeTarget "BasicProjecFrameUITests" */;
			buildPhases = (
				4D90A90D7B7B880F4DC2C84B /* [CP] Check Pods Manifest.lock */,
				8CA1384D2003225E0046065D /* Sources */,
				8CA1384E2003225E0046065D /* Frameworks */,
				8CA1384F2003225E0046065D /* Resources */,
				6B3F97E88D4F37B4CB00D022 /* [CP] Embed Pods Frameworks */,
				C9AC02A52C6314488A8A2CDF /* [CP] Copy Pods Resources */,
			);
			buildRules = (
			);
			dependencies = (
				8CA138532003225E0046065D /* PBXTargetDependency */,
			);
			name = BasicProjecFrameUITests;
			productName = BasicProjecFrameUITests;
			productReference = 8CA138512003225E0046065D /* BasicProjecFrameUITests.xctest */;
			productType = "com.apple.product-type.bundle.ui-testing";
		};
/* End PBXNativeTarget section */

/* Begin PBXProject section */
		8CA138262003225D0046065D /* Project object */ = {
			isa = PBXProject;
			attributes = {
				LastUpgradeCheck = 0920;
				ORGANIZATIONNAME = Jivan;
				TargetAttributes = {
					8CA1382D2003225D0046065D = {
						CreatedOnToolsVersion = 9.2;
						ProvisioningStyle = Automatic;
					};
					8CA138452003225E0046065D = {
						CreatedOnToolsVersion = 9.2;
						ProvisioningStyle = Automatic;
						TestTargetID = 8CA1382D2003225D0046065D;
					};
					8CA138502003225E0046065D = {
						CreatedOnToolsVersion = 9.2;
						ProvisioningStyle = Automatic;
						TestTargetID = 8CA1382D2003225D0046065D;
					};
				};
			};
			buildConfigurationList = 8CA138292003225D0046065D /* Build configuration list for PBXProject "BasicProjecFrame" */;
			compatibilityVersion = "Xcode 8.0";
			developmentRegion = en;
			hasScannedForEncodings = 0;
			knownRegions = (
				en,
				Base,
			);
			mainGroup = 8CA138252003225D0046065D;
			productRefGroup = 8CA1382F2003225D0046065D /* Products */;
			projectDirPath = "";
			projectRoot = "";
			targets = (
				8CA1382D2003225D0046065D /* BasicProjecFrame */,
				8CA138452003225E0046065D /* BasicProjecFrameTests */,
				8CA138502003225E0046065D /* BasicProjecFrameUITests */,
			);
		};
/* End PBXProject section */

/* Begin PBXResourcesBuildPhase section */
		8CA1382C2003225D0046065D /* Resources */ = {
			isa = PBXResourcesBuildPhase;
			buildActionMask = 2147483647;
			files = (
				8CA1383E2003225D0046065D /* LaunchScreen.storyboard in Resources */,
				8CA1383B2003225D0046065D /* Assets.xcassets in Resources */,
				8CA138392003225D0046065D /* Main.storyboard in Resources */,
			);
			runOnlyForDeploymentPostprocessing = 0;
		};
		8CA138442003225E0046065D /* Resources */ = {
			isa = PBXResourcesBuildPhase;
			buildActionMask = 2147483647;
			files = (
			);
			runOnlyForDeploymentPostprocessing = 0;
		};
		8CA1384F2003225E0046065D /* Resources */ = {
			isa = PBXResourcesBuildPhase;
			buildActionMask = 2147483647;
			files = (
			);
			runOnlyForDeploymentPostprocessing = 0;
		};
/* End PBXResourcesBuildPhase section */

/* Begin PBXShellScriptBuildPhase section */
		22EEDA338C9D66B15F0F84AB /* [CP] Embed Pods Frameworks */ = {
			isa = PBXShellScriptBuildPhase;
			buildActionMask = 2147483647;
			files = (
			);
			inputPaths = (
			);
			name = "[CP] Embed Pods Frameworks";
			outputPaths = (
			);
			runOnlyForDeploymentPostprocessing = 0;
			shellPath = /bin/sh;
			shellScript = "\"${SRCROOT}/Pods/Target Support Files/Pods-BasicProjecFrame/Pods-BasicProjecFrame-frameworks.sh\"\n";
			showEnvVarsInLog = 0;
		};
		4D90A90D7B7B880F4DC2C84B /* [CP] Check Pods Manifest.lock */ = {
			isa = PBXShellScriptBuildPhase;
			buildActionMask = 2147483647;
			files = (
			);
			inputPaths = (
				"${PODS_PODFILE_DIR_PATH}/Podfile.lock",
				"${PODS_ROOT}/Manifest.lock",
			);
			name = "[CP] Check Pods Manifest.lock";
			outputPaths = (
				"$(DERIVED_FILE_DIR)/Pods-BasicProjecFrameUITests-checkManifestLockResult.txt",
			);
			runOnlyForDeploymentPostprocessing = 0;
			shellPath = /bin/sh;
			shellScript = "diff \"${PODS_PODFILE_DIR_PATH}/Podfile.lock\" \"${PODS_ROOT}/Manifest.lock\" > /dev/null\nif [ $? != 0 ] ; then\n    # print error to STDERR\n    echo \"error: The sandbox is not in sync with the Podfile.lock. Run 'pod install' or update your CocoaPods installation.\" >&2\n    exit 1\nfi\n# This output is used by Xcode 'outputs' to avoid re-running this script phase.\necho \"SUCCESS\" > \"${SCRIPT_OUTPUT_FILE_0}\"\n";
			showEnvVarsInLog = 0;
		};
		604681B0EE92E2518EFD78E7 /* [CP] Check Pods Manifest.lock */ = {
			isa = PBXShellScriptBuildPhase;
			buildActionMask = 2147483647;
			files = (
			);
			inputPaths = (
				"${PODS_PODFILE_DIR_PATH}/Podfile.lock",
				"${PODS_ROOT}/Manifest.lock",
			);
			name = "[CP] Check Pods Manifest.lock";
			outputPaths = (
				"$(DERIVED_FILE_DIR)/Pods-BasicProjecFrameTests-checkManifestLockResult.txt",
			);
			runOnlyForDeploymentPostprocessing = 0;
			shellPath = /bin/sh;
			shellScript = "diff \"${PODS_PODFILE_DIR_PATH}/Podfile.lock\" \"${PODS_ROOT}/Manifest.lock\" > /dev/null\nif [ $? != 0 ] ; then\n    # print error to STDERR\n    echo \"error: The sandbox is not in sync with the Podfile.lock. Run 'pod install' or update your CocoaPods installation.\" >&2\n    exit 1\nfi\n# This output is used by Xcode 'outputs' to avoid re-running this script phase.\necho \"SUCCESS\" > \"${SCRIPT_OUTPUT_FILE_0}\"\n";
			showEnvVarsInLog = 0;
		};
		6B3F97E88D4F37B4CB00D022 /* [CP] Embed Pods Frameworks */ = {
			isa = PBXShellScriptBuildPhase;
			buildActionMask = 2147483647;
			files = (
			);
			inputPaths = (
			);
			name = "[CP] Embed Pods Frameworks";
			outputPaths = (
			);
			runOnlyForDeploymentPostprocessing = 0;
			shellPath = /bin/sh;
			shellScript = "\"${SRCROOT}/Pods/Target Support Files/Pods-BasicProjecFrameUITests/Pods-BasicProjecFrameUITests-frameworks.sh\"\n";
			showEnvVarsInLog = 0;
		};
		768764536AFCB72813B360BF /* [CP] Copy Pods Resources */ = {
			isa = PBXShellScriptBuildPhase;
			buildActionMask = 2147483647;
			files = (
			);
			inputPaths = (
			);
			name = "[CP] Copy Pods Resources";
			outputPaths = (
			);
			runOnlyForDeploymentPostprocessing = 0;
			shellPath = /bin/sh;
			shellScript = "\"${SRCROOT}/Pods/Target Support Files/Pods-BasicProjecFrameTests/Pods-BasicProjecFrameTests-resources.sh\"\n";
			showEnvVarsInLog = 0;
		};
		7A95DBFFC18DE51AC2B89E70 /* [CP] Copy Pods Resources */ = {
			isa = PBXShellScriptBuildPhase;
			buildActionMask = 2147483647;
			files = (
			);
			inputPaths = (
			);
			name = "[CP] Copy Pods Resources";
			outputPaths = (
			);
			runOnlyForDeploymentPostprocessing = 0;
			shellPath = /bin/sh;
			shellScript = "\"${SRCROOT}/Pods/Target Support Files/Pods-BasicProjecFrame/Pods-BasicProjecFrame-resources.sh\"\n";
			showEnvVarsInLog = 0;
		};
		C9AC02A52C6314488A8A2CDF /* [CP] Copy Pods Resources */ = {
			isa = PBXShellScriptBuildPhase;
			buildActionMask = 2147483647;
			files = (
			);
			inputPaths = (
			);
			name = "[CP] Copy Pods Resources";
			outputPaths = (
			);
			runOnlyForDeploymentPostprocessing = 0;
			shellPath = /bin/sh;
			shellScript = "\"${SRCROOT}/Pods/Target Support Files/Pods-BasicProjecFrameUITests/Pods-BasicProjecFrameUITests-resources.sh\"\n";
			showEnvVarsInLog = 0;
		};
		E3C29F29313AA7509262D7C0 /* [CP] Embed Pods Frameworks */ = {
			isa = PBXShellScriptBuildPhase;
			buildActionMask = 2147483647;
			files = (
			);
			inputPaths = (
			);
			name = "[CP] Embed Pods Frameworks";
			outputPaths = (
			);
			runOnlyForDeploymentPostprocessing = 0;
			shellPath = /bin/sh;
			shellScript = "\"${SRCROOT}/Pods/Target Support Files/Pods-BasicProjecFrameTests/Pods-BasicProjecFrameTests-frameworks.sh\"\n";
			showEnvVarsInLog = 0;
		};
		F9C94FC43D00B0D70A943B51 /* [CP] Check Pods Manifest.lock */ = {
			isa = PBXShellScriptBuildPhase;
			buildActionMask = 2147483647;
			files = (
			);
			inputPaths = (
				"${PODS_PODFILE_DIR_PATH}/Podfile.lock",
				"${PODS_ROOT}/Manifest.lock",
			);
			name = "[CP] Check Pods Manifest.lock";
			outputPaths = (
				"$(DERIVED_FILE_DIR)/Pods-BasicProjecFrame-checkManifestLockResult.txt",
			);
			runOnlyForDeploymentPostprocessing = 0;
			shellPath = /bin/sh;
			shellScript = "diff \"${PODS_PODFILE_DIR_PATH}/Podfile.lock\" \"${PODS_ROOT}/Manifest.lock\" > /dev/null\nif [ $? != 0 ] ; then\n    # print error to STDERR\n    echo \"error: The sandbox is not in sync with the Podfile.lock. Run 'pod install' or update your CocoaPods installation.\" >&2\n    exit 1\nfi\n# This output is used by Xcode 'outputs' to avoid re-running this script phase.\necho \"SUCCESS\" > \"${SCRIPT_OUTPUT_FILE_0}\"\n";
			showEnvVarsInLog = 0;
		};
/* End PBXShellScriptBuildPhase section */

/* Begin PBXSourcesBuildPhase section */
		8CA1382A2003225D0046065D /* Sources */ = {
			isa = PBXSourcesBuildPhase;
			buildActionMask = 2147483647;
			files = (
				8CA13880200330630046065D /* BaseTabBar.m in Sources */,
				8CA138C620033AEF0046065D /* UITableView+XSAnimationKit.m in Sources */,
				8CA1388D2003395C0046065D /* UIBarButtonItem+Extension.m in Sources */,
				8CA138C920033AEF0046065D /* UIScreen+Additions.m in Sources */,
				8CA138C820033AEF0046065D /* UIColor+Utils.m in Sources */,
				8CA13883200330790046065D /* BaseViewController.m in Sources */,
				8CA138C720033AEF0046065D /* UIButton+SSEdgeInsets.m in Sources */,
				8CA138412003225E0046065D /* main.m in Sources */,
				8CA8F25F21B257A400EAD007 /* MakeKeyWindowService.m in Sources */,
				8CA138BE20033AEF0046065D /* NSDate+Utils.m in Sources */,
				8CA138C220033AEF0046065D /* UITableView+NoExtraLine.m in Sources */,
				8CA138332003225D0046065D /* AppDelegate.m in Sources */,
				8CA138CA20033AEF0046065D /* UIControl+Add.m in Sources */,
				8CA138C420033AEF0046065D /* NSString+Utils.m in Sources */,
				8CA138C320033AEF0046065D /* NSString+Additions.m in Sources */,
				8CA138CB20033AEF0046065D /* UIImageView+Additions.m in Sources */,
				8CA138CC20033AEF0046065D /* UILabel+Utils.m in Sources */,
				8CA138C120033AEF0046065D /* UIView+Extension.m in Sources */,
				8CA1388A200331CF0046065D /* BaseTabBarController.m in Sources */,
				8CA13886200330A50046065D /* BaseNavigationController.m in Sources */,
				8CA138BF20033AEF0046065D /* UIView+Utils.m in Sources */,
				8CA138C520033AEF0046065D /* TableViewAnimationKit.m in Sources */,
				8CA138C020033AEF0046065D /* UIView+ParentController.m in Sources */,
				8CA8F25C21B2563000EAD007 /* SOAComponentAppDelegate.m in Sources */,
				8CA138BD20033AEF0046065D /* UIImage+Utils.m in Sources */,
			);
			runOnlyForDeploymentPostprocessing = 0;
		};
		8CA138422003225E0046065D /* Sources */ = {
			isa = PBXSourcesBuildPhase;
			buildActionMask = 2147483647;
			files = (
				8CA1384B2003225E0046065D /* BasicProjecFrameTests.m in Sources */,
			);
			runOnlyForDeploymentPostprocessing = 0;
		};
		8CA1384D2003225E0046065D /* Sources */ = {
			isa = PBXSourcesBuildPhase;
			buildActionMask = 2147483647;
			files = (
				8CA138562003225E0046065D /* BasicProjecFrameUITests.m in Sources */,
			);
			runOnlyForDeploymentPostprocessing = 0;
		};
/* End PBXSourcesBuildPhase section */

/* Begin PBXTargetDependency section */
		8CA138482003225E0046065D /* PBXTargetDependency */ = {
			isa = PBXTargetDependency;
			target = 8CA1382D2003225D0046065D /* BasicProjecFrame */;
			targetProxy = 8CA138472003225E0046065D /* PBXContainerItemProxy */;
		};
		8CA138532003225E0046065D /* PBXTargetDependency */ = {
			isa = PBXTargetDependency;
			target = 8CA1382D2003225D0046065D /* BasicProjecFrame */;
			targetProxy = 8CA138522003225E0046065D /* PBXContainerItemProxy */;
		};
/* End PBXTargetDependency section */

/* Begin PBXVariantGroup section */
		8CA138372003225D0046065D /* Main.storyboard */ = {
			isa = PBXVariantGroup;
			children = (
				8CA138382003225D0046065D /* Base */,
			);
			name = Main.storyboard;
			sourceTree = "<group>";
		};
		8CA1383C2003225D0046065D /* LaunchScreen.storyboard */ = {
			isa = PBXVariantGroup;
			children = (
				8CA1383D2003225D0046065D /* Base */,
			);
			name = LaunchScreen.storyboard;
			sourceTree = "<group>";
		};
/* End PBXVariantGroup section */

/* Begin XCBuildConfiguration section */
		8CA138582003225E0046065D /* Debug */ = {
			isa = XCBuildConfiguration;
			buildSettings = {
				ALWAYS_SEARCH_USER_PATHS = NO;
				CLANG_ANALYZER_NONNULL = YES;
				CLANG_ANALYZER_NUMBER_OBJECT_CONVERSION = YES_AGGRESSIVE;
				CLANG_CXX_LANGUAGE_STANDARD = "gnu++14";
				CLANG_CXX_LIBRARY = "libc++";
				CLANG_ENABLE_MODULES = YES;
				CLANG_ENABLE_OBJC_ARC = YES;
				CLANG_WARN_BLOCK_CAPTURE_AUTORELEASING = YES;
				CLANG_WARN_BOOL_CONVERSION = YES;
				CLANG_WARN_COMMA = YES;
				CLANG_WARN_CONSTANT_CONVERSION = YES;
				CLANG_WARN_DIRECT_OBJC_ISA_USAGE = YES_ERROR;
				CLANG_WARN_DOCUMENTATION_COMMENTS = YES;
				CLANG_WARN_EMPTY_BODY = YES;
				CLANG_WARN_ENUM_CONVERSION = YES;
				CLANG_WARN_INFINITE_RECURSION = YES;
				CLANG_WARN_INT_CONVERSION = YES;
				CLANG_WARN_NON_LITERAL_NULL_CONVERSION = YES;
				CLANG_WARN_OBJC_LITERAL_CONVERSION = YES;
				CLANG_WARN_OBJC_ROOT_CLASS = YES_ERROR;
				CLANG_WARN_RANGE_LOOP_ANALYSIS = YES;
				CLANG_WARN_STRICT_PROTOTYPES = YES;
				CLANG_WARN_SUSPICIOUS_MOVE = YES;
				CLANG_WARN_UNGUARDED_AVAILABILITY = YES_AGGRESSIVE;
				CLANG_WARN_UNREACHABLE_CODE = YES;
				CLANG_WARN__DUPLICATE_METHOD_MATCH = YES;
				CODE_SIGN_IDENTITY = "iPhone Developer";
				COPY_PHASE_STRIP = NO;
				DEBUG_INFORMATION_FORMAT = dwarf;
				ENABLE_STRICT_OBJC_MSGSEND = YES;
				ENABLE_TESTABILITY = YES;
				GCC_C_LANGUAGE_STANDARD = gnu11;
				GCC_DYNAMIC_NO_PIC = NO;
				GCC_NO_COMMON_BLOCKS = YES;
				GCC_OPTIMIZATION_LEVEL = 0;
				GCC_PREPROCESSOR_DEFINITIONS = (
					"DEBUG=1",
					"$(inherited)",
				);
				GCC_WARN_64_TO_32_BIT_CONVERSION = YES;
				GCC_WARN_ABOUT_RETURN_TYPE = YES_ERROR;
				GCC_WARN_UNDECLARED_SELECTOR = YES;
				GCC_WARN_UNINITIALIZED_AUTOS = YES_AGGRESSIVE;
				GCC_WARN_UNUSED_FUNCTION = YES;
				GCC_WARN_UNUSED_VARIABLE = YES;
				IPHONEOS_DEPLOYMENT_TARGET = 11.2;
				MTL_ENABLE_DEBUG_INFO = YES;
				ONLY_ACTIVE_ARCH = YES;
				SDKROOT = iphoneos;
			};
			name = Debug;
		};
		8CA138592003225E0046065D /* Release */ = {
			isa = XCBuildConfiguration;
			buildSettings = {
				ALWAYS_SEARCH_USER_PATHS = NO;
				CLANG_ANALYZER_NONNULL = YES;
				CLANG_ANALYZER_NUMBER_OBJECT_CONVERSION = YES_AGGRESSIVE;
				CLANG_CXX_LANGUAGE_STANDARD = "gnu++14";
				CLANG_CXX_LIBRARY = "libc++";
				CLANG_ENABLE_MODULES = YES;
				CLANG_ENABLE_OBJC_ARC = YES;
				CLANG_WARN_BLOCK_CAPTURE_AUTORELEASING = YES;
				CLANG_WARN_BOOL_CONVERSION = YES;
				CLANG_WARN_COMMA = YES;
				CLANG_WARN_CONSTANT_CONVERSION = YES;
				CLANG_WARN_DIRECT_OBJC_ISA_USAGE = YES_ERROR;
				CLANG_WARN_DOCUMENTATION_COMMENTS = YES;
				CLANG_WARN_EMPTY_BODY = YES;
				CLANG_WARN_ENUM_CONVERSION = YES;
				CLANG_WARN_INFINITE_RECURSION = YES;
				CLANG_WARN_INT_CONVERSION = YES;
				CLANG_WARN_NON_LITERAL_NULL_CONVERSION = YES;
				CLANG_WARN_OBJC_LITERAL_CONVERSION = YES;
				CLANG_WARN_OBJC_ROOT_CLASS = YES_ERROR;
				CLANG_WARN_RANGE_LOOP_ANALYSIS = YES;
				CLANG_WARN_STRICT_PROTOTYPES = YES;
				CLANG_WARN_SUSPICIOUS_MOVE = YES;
				CLANG_WARN_UNGUARDED_AVAILABILITY = YES_AGGRESSIVE;
				CLANG_WARN_UNREACHABLE_CODE = YES;
				CLANG_WARN__DUPLICATE_METHOD_MATCH = YES;
				CODE_SIGN_IDENTITY = "iPhone Developer";
				COPY_PHASE_STRIP = NO;
				DEBUG_INFORMATION_FORMAT = "dwarf-with-dsym";
				ENABLE_NS_ASSERTIONS = NO;
				ENABLE_STRICT_OBJC_MSGSEND = YES;
				GCC_C_LANGUAGE_STANDARD = gnu11;
				GCC_NO_COMMON_BLOCKS = YES;
				GCC_WARN_64_TO_32_BIT_CONVERSION = YES;
				GCC_WARN_ABOUT_RETURN_TYPE = YES_ERROR;
				GCC_WARN_UNDECLARED_SELECTOR = YES;
				GCC_WARN_UNINITIALIZED_AUTOS = YES_AGGRESSIVE;
				GCC_WARN_UNUSED_FUNCTION = YES;
				GCC_WARN_UNUSED_VARIABLE = YES;
				IPHONEOS_DEPLOYMENT_TARGET = 11.2;
				MTL_ENABLE_DEBUG_INFO = NO;
				SDKROOT = iphoneos;
				VALIDATE_PRODUCT = YES;
			};
			name = Release;
		};
		8CA1385B2003225E0046065D /* Debug */ = {
			isa = XCBuildConfiguration;
			baseConfigurationReference = 491CFB5289E9ADBBCD1EBBFF /* Pods-BasicProjecFrame.debug.xcconfig */;
			buildSettings = {
				ASSETCATALOG_COMPILER_APPICON_NAME = AppIcon;
				CODE_SIGN_STYLE = Automatic;
				DEVELOPMENT_TEAM = 56EN3K39NQ;
				GCC_PREFIX_HEADER = "$(SRCROOT)/BasicProjecFrame/SupportFile/PrefixHeader.pch";
				INFOPLIST_FILE = BasicProjecFrame/Info.plist;
				LD_RUNPATH_SEARCH_PATHS = "$(inherited) @executable_path/Frameworks";
				PRODUCT_BUNDLE_IDENTIFIER = Jivan.BasicProjecFrame;
				PRODUCT_NAME = "$(TARGET_NAME)";
				TARGETED_DEVICE_FAMILY = 1;
			};
			name = Debug;
		};
		8CA1385C2003225E0046065D /* Release */ = {
			isa = XCBuildConfiguration;
			baseConfigurationReference = 881B45B94409B60C12D09583 /* Pods-BasicProjecFrame.release.xcconfig */;
			buildSettings = {
				ASSETCATALOG_COMPILER_APPICON_NAME = AppIcon;
				CODE_SIGN_STYLE = Automatic;
				DEVELOPMENT_TEAM = 56EN3K39NQ;
				GCC_PREFIX_HEADER = "$(SRCROOT)/BasicProjecFrame/SupportFile/PrefixHeader.pch";
				INFOPLIST_FILE = BasicProjecFrame/Info.plist;
				LD_RUNPATH_SEARCH_PATHS = "$(inherited) @executable_path/Frameworks";
				PRODUCT_BUNDLE_IDENTIFIER = Jivan.BasicProjecFrame;
				PRODUCT_NAME = "$(TARGET_NAME)";
				TARGETED_DEVICE_FAMILY = 1;
			};
			name = Release;
		};
		8CA1385E2003225E0046065D /* Debug */ = {
			isa = XCBuildConfiguration;
			baseConfigurationReference = C2B6A375BB2A9273D8370616 /* Pods-BasicProjecFrameTests.debug.xcconfig */;
			buildSettings = {
				BUNDLE_LOADER = "$(TEST_HOST)";
				CODE_SIGN_STYLE = Automatic;
				INFOPLIST_FILE = BasicProjecFrameTests/Info.plist;
				LD_RUNPATH_SEARCH_PATHS = "$(inherited) @executable_path/Frameworks @loader_path/Frameworks";
				PRODUCT_BUNDLE_IDENTIFIER = Jivan.BasicProjecFrameTests;
				PRODUCT_NAME = "$(TARGET_NAME)";
				TARGETED_DEVICE_FAMILY = "1,2";
				TEST_HOST = "$(BUILT_PRODUCTS_DIR)/BasicProjecFrame.app/BasicProjecFrame";
			};
			name = Debug;
		};
		8CA1385F2003225E0046065D /* Release */ = {
			isa = XCBuildConfiguration;
			baseConfigurationReference = DEF85DA3A655DEAF51BCF9BF /* Pods-BasicProjecFrameTests.release.xcconfig */;
			buildSettings = {
				BUNDLE_LOADER = "$(TEST_HOST)";
				CODE_SIGN_STYLE = Automatic;
				INFOPLIST_FILE = BasicProjecFrameTests/Info.plist;
				LD_RUNPATH_SEARCH_PATHS = "$(inherited) @executable_path/Frameworks @loader_path/Frameworks";
				PRODUCT_BUNDLE_IDENTIFIER = Jivan.BasicProjecFrameTests;
				PRODUCT_NAME = "$(TARGET_NAME)";
				TARGETED_DEVICE_FAMILY = "1,2";
				TEST_HOST = "$(BUILT_PRODUCTS_DIR)/BasicProjecFrame.app/BasicProjecFrame";
			};
			name = Release;
		};
		8CA138612003225E0046065D /* Debug */ = {
			isa = XCBuildConfiguration;
			baseConfigurationReference = 056F527C3A84C0C710B1023D /* Pods-BasicProjecFrameUITests.debug.xcconfig */;
			buildSettings = {
				CODE_SIGN_STYLE = Automatic;
				INFOPLIST_FILE = BasicProjecFrameUITests/Info.plist;
				LD_RUNPATH_SEARCH_PATHS = "$(inherited) @executable_path/Frameworks @loader_path/Frameworks";
				PRODUCT_BUNDLE_IDENTIFIER = Jivan.BasicProjecFrameUITests;
				PRODUCT_NAME = "$(TARGET_NAME)";
				TARGETED_DEVICE_FAMILY = "1,2";
				TEST_TARGET_NAME = BasicProjecFrame;
			};
			name = Debug;
		};
		8CA138622003225E0046065D /* Release */ = {
			isa = XCBuildConfiguration;
			baseConfigurationReference = 06CB6E023EFA37242F8757DD /* Pods-BasicProjecFrameUITests.release.xcconfig */;
			buildSettings = {
				CODE_SIGN_STYLE = Automatic;
				INFOPLIST_FILE = BasicProjecFrameUITests/Info.plist;
				LD_RUNPATH_SEARCH_PATHS = "$(inherited) @executable_path/Frameworks @loader_path/Frameworks";
				PRODUCT_BUNDLE_IDENTIFIER = Jivan.BasicProjecFrameUITests;
				PRODUCT_NAME = "$(TARGET_NAME)";
				TARGETED_DEVICE_FAMILY = "1,2";
				TEST_TARGET_NAME = BasicProjecFrame;
			};
			name = Release;
		};
/* End XCBuildConfiguration section */

/* Begin XCConfigurationList section */
		8CA138292003225D0046065D /* Build configuration list for PBXProject "BasicProjecFrame" */ = {
			isa = XCConfigurationList;
			buildConfigurations = (
				8CA138582003225E0046065D /* Debug */,
				8CA138592003225E0046065D /* Release */,
			);
			defaultConfigurationIsVisible = 0;
			defaultConfigurationName = Release;
		};
		8CA1385A2003225E0046065D /* Build configuration list for PBXNativeTarget "BasicProjecFrame" */ = {
			isa = XCConfigurationList;
			buildConfigurations = (
				8CA1385B2003225E0046065D /* Debug */,
				8CA1385C2003225E0046065D /* Release */,
			);
			defaultConfigurationIsVisible = 0;
			defaultConfigurationName = Release;
		};
		8CA1385D2003225E0046065D /* Build configuration list for PBXNativeTarget "BasicProjecFrameTests" */ = {
			isa = XCConfigurationList;
			buildConfigurations = (
				8CA1385E2003225E0046065D /* Debug */,
				8CA1385F2003225E0046065D /* Release */,
			);
			defaultConfigurationIsVisible = 0;
			defaultConfigurationName = Release;
		};
		8CA138602003225E0046065D /* Build configuration list for PBXNativeTarget "BasicProjecFrameUITests" */ = {
			isa = XCConfigurationList;
			buildConfigurations = (
				8CA138612003225E0046065D /* Debug */,
				8CA138622003225E0046065D /* Release */,
			);
			defaultConfigurationIsVisible = 0;
			defaultConfigurationName = Release;
		};
/* End XCConfigurationList section */
	};
	rootObject = 8CA138262003225D0046065D /* Project object */;
}
